// !$*UTF8*$!
{
	archiveVersion = 1;
	classes = {
	};
	objectVersion = 50;
	objects = {

/* Begin PBXBuildFile section */
		6F17B5A8210AB474007F7DF0 /* AvatarCell.swift in Sources */ = {isa = PBXBuildFile; fileRef = 6F17B5A7210AB474007F7DF0 /* AvatarCell.swift */; };
		6F3D481E2106B6D700FDE378 /* RoundedButton.swift in Sources */ = {isa = PBXBuildFile; fileRef = 6F3D481D2106B6D700FDE378 /* RoundedButton.swift */; };
		6F3D48202107F3D900FDE378 /* UserDataService.swift in Sources */ = {isa = PBXBuildFile; fileRef = 6F3D481F2107F3D900FDE378 /* UserDataService.swift */; };
		6F3D48222108172B00FDE378 /* AvatarPickerVC.swift in Sources */ = {isa = PBXBuildFile; fileRef = 6F3D48212108172B00FDE378 /* AvatarPickerVC.swift */; };
		6FD2017B20F3031400235D06 /* AppDelegate.swift in Sources */ = {isa = PBXBuildFile; fileRef = 6FD2017A20F3031400235D06 /* AppDelegate.swift */; };
		6FD2018020F3031400235D06 /* Main.storyboard in Resources */ = {isa = PBXBuildFile; fileRef = 6FD2017E20F3031400235D06 /* Main.storyboard */; };
		6FD2018220F3031500235D06 /* Assets.xcassets in Resources */ = {isa = PBXBuildFile; fileRef = 6FD2018120F3031500235D06 /* Assets.xcassets */; };
		6FD2018520F3031500235D06 /* LaunchScreen.storyboard in Resources */ = {isa = PBXBuildFile; fileRef = 6FD2018320F3031500235D06 /* LaunchScreen.storyboard */; };
		6FD2019120F3F11E00235D06 /* SWRevealViewController.m in Sources */ = {isa = PBXBuildFile; fileRef = 6FD2019020F3F11E00235D06 /* SWRevealViewController.m */; };
		6FD2019620F43B6200235D06 /* ChatVC.swift in Sources */ = {isa = PBXBuildFile; fileRef = 6FD2019520F43B6200235D06 /* ChatVC.swift */; };
		6FD2019820F43B7500235D06 /* ChannelVC.swift in Sources */ = {isa = PBXBuildFile; fileRef = 6FD2019720F43B7500235D06 /* ChannelVC.swift */; };
		6FD2019A20F44A9E00235D06 /* GradientView.swift in Sources */ = {isa = PBXBuildFile; fileRef = 6FD2019920F44A9E00235D06 /* GradientView.swift */; };
		6FD2019D20F50F8000235D06 /* Constants.swift in Sources */ = {isa = PBXBuildFile; fileRef = 6FD2019C20F50F8000235D06 /* Constants.swift */; };
		6FD2019F20F581BB00235D06 /* LoginVC.swift in Sources */ = {isa = PBXBuildFile; fileRef = 6FD2019E20F581BB00235D06 /* LoginVC.swift */; };
		6FD201A120F5842700235D06 /* CreateAccountVC.swift in Sources */ = {isa = PBXBuildFile; fileRef = 6FD201A020F5842700235D06 /* CreateAccountVC.swift */; };
		6FD201DD20F8495E00235D06 /* GoogleService-Info.plist in Resources */ = {isa = PBXBuildFile; fileRef = 6FD201DC20F8495E00235D06 /* GoogleService-Info.plist */; };
		6FD2022120FECD5500235D06 /* AuthService.swift in Sources */ = {isa = PBXBuildFile; fileRef = 6FD2022020FECD5500235D06 /* AuthService.swift */; };
		D61AAB4D5211F384506D7C4C /* Pods_Smack.framework in Frameworks */ = {isa = PBXBuildFile; fileRef = 0D6ACB9DCD534CAEBD56D347 /* Pods_Smack.framework */; };
/* End PBXBuildFile section */

/* Begin PBXFileReference section */
		0D6ACB9DCD534CAEBD56D347 /* Pods_Smack.framework */ = {isa = PBXFileReference; explicitFileType = wrapper.framework; includeInIndex = 0; path = Pods_Smack.framework; sourceTree = BUILT_PRODUCTS_DIR; };
		25C54C66538B03CCBA6FFD4A /* Pods-Smack.debug.xcconfig */ = {isa = PBXFileReference; includeInIndex = 1; lastKnownFileType = text.xcconfig; name = "Pods-Smack.debug.xcconfig"; path = "Pods/Target Support Files/Pods-Smack/Pods-Smack.debug.xcconfig"; sourceTree = "<group>"; };
		6F17B5A7210AB474007F7DF0 /* AvatarCell.swift */ = {isa = PBXFileReference; lastKnownFileType = sourcecode.swift; path = AvatarCell.swift; sourceTree = "<group>"; };
		6F3D481D2106B6D700FDE378 /* RoundedButton.swift */ = {isa = PBXFileReference; lastKnownFileType = sourcecode.swift; path = RoundedButton.swift; sourceTree = "<group>"; };
		6F3D481F2107F3D900FDE378 /* UserDataService.swift */ = {isa = PBXFileReference; lastKnownFileType = sourcecode.swift; path = UserDataService.swift; sourceTree = "<group>"; };
		6F3D48212108172B00FDE378 /* AvatarPickerVC.swift */ = {isa = PBXFileReference; lastKnownFileType = sourcecode.swift; path = AvatarPickerVC.swift; sourceTree = "<group>"; };
		6FD2017720F3031400235D06 /* Smack.app */ = {isa = PBXFileReference; explicitFileType = wrapper.application; includeInIndex = 0; path = Smack.app; sourceTree = BUILT_PRODUCTS_DIR; };
		6FD2017A20F3031400235D06 /* AppDelegate.swift */ = {isa = PBXFileReference; lastKnownFileType = sourcecode.swift; path = AppDelegate.swift; sourceTree = "<group>"; };
		6FD2017F20F3031400235D06 /* Base */ = {isa = PBXFileReference; lastKnownFileType = file.storyboard; name = Base; path = Base.lproj/Main.storyboard; sourceTree = "<group>"; };
		6FD2018120F3031500235D06 /* Assets.xcassets */ = {isa = PBXFileReference; lastKnownFileType = folder.assetcatalog; path = Assets.xcassets; sourceTree = "<group>"; };
		6FD2018420F3031500235D06 /* Base */ = {isa = PBXFileReference; lastKnownFileType = file.storyboard; name = Base; path = Base.lproj/LaunchScreen.storyboard; sourceTree = "<group>"; };
		6FD2018620F3031500235D06 /* Info.plist */ = {isa = PBXFileReference; lastKnownFileType = text.plist.xml; path = Info.plist; sourceTree = "<group>"; };
		6FD2018E20F3F11C00235D06 /* Smack-Bridging-Header.h */ = {isa = PBXFileReference; lastKnownFileType = sourcecode.c.h; path = "Smack-Bridging-Header.h"; sourceTree = "<group>"; };
		6FD2018F20F3F11E00235D06 /* SWRevealViewController.h */ = {isa = PBXFileReference; fileEncoding = 4; lastKnownFileType = sourcecode.c.h; path = SWRevealViewController.h; sourceTree = "<group>"; };
		6FD2019020F3F11E00235D06 /* SWRevealViewController.m */ = {isa = PBXFileReference; fileEncoding = 4; lastKnownFileType = sourcecode.c.objc; path = SWRevealViewController.m; sourceTree = "<group>"; };
		6FD2019520F43B6200235D06 /* ChatVC.swift */ = {isa = PBXFileReference; lastKnownFileType = sourcecode.swift; path = ChatVC.swift; sourceTree = "<group>"; };
		6FD2019720F43B7500235D06 /* ChannelVC.swift */ = {isa = PBXFileReference; lastKnownFileType = sourcecode.swift; path = ChannelVC.swift; sourceTree = "<group>"; };
		6FD2019920F44A9E00235D06 /* GradientView.swift */ = {isa = PBXFileReference; lastKnownFileType = sourcecode.swift; path = GradientView.swift; sourceTree = "<group>"; };
		6FD2019C20F50F8000235D06 /* Constants.swift */ = {isa = PBXFileReference; lastKnownFileType = sourcecode.swift; path = Constants.swift; sourceTree = "<group>"; };
		6FD2019E20F581BB00235D06 /* LoginVC.swift */ = {isa = PBXFileReference; lastKnownFileType = sourcecode.swift; path = LoginVC.swift; sourceTree = "<group>"; };
		6FD201A020F5842700235D06 /* CreateAccountVC.swift */ = {isa = PBXFileReference; lastKnownFileType = sourcecode.swift; path = CreateAccountVC.swift; sourceTree = "<group>"; };
		6FD201DC20F8495E00235D06 /* GoogleService-Info.plist */ = {isa = PBXFileReference; fileEncoding = 4; lastKnownFileType = text.plist.xml; path = "GoogleService-Info.plist"; sourceTree = "<group>"; };
		6FD2022020FECD5500235D06 /* AuthService.swift */ = {isa = PBXFileReference; lastKnownFileType = sourcecode.swift; path = AuthService.swift; sourceTree = "<group>"; };
		F4DF782D9F2470ED120F3424 /* Pods-Smack.release.xcconfig */ = {isa = PBXFileReference; includeInIndex = 1; lastKnownFileType = text.xcconfig; name = "Pods-Smack.release.xcconfig"; path = "Pods/Target Support Files/Pods-Smack/Pods-Smack.release.xcconfig"; sourceTree = "<group>"; };
/* End PBXFileReference section */

/* Begin PBXFrameworksBuildPhase section */
		6FD2017420F3031400235D06 /* Frameworks */ = {
			isa = PBXFrameworksBuildPhase;
			buildActionMask = 2147483647;
			files = (
				D61AAB4D5211F384506D7C4C /* Pods_Smack.framework in Frameworks */,
			);
			runOnlyForDeploymentPostprocessing = 0;
		};
/* End PBXFrameworksBuildPhase section */

/* Begin PBXGroup section */
		6704F8D2C8323E76303DD456 /* Frameworks */ = {
			isa = PBXGroup;
			children = (
				0D6ACB9DCD534CAEBD56D347 /* Pods_Smack.framework */,
			);
			name = Frameworks;
			sourceTree = "<group>";
		};
		6FD2016E20F3031400235D06 = {
			isa = PBXGroup;
			children = (
				6FD2017920F3031400235D06 /* Smack */,
				6FD2017820F3031400235D06 /* Products */,
				FA91C4CD86CC21964E10DF8A /* Pods */,
				6704F8D2C8323E76303DD456 /* Frameworks */,
			);
			sourceTree = "<group>";
		};
		6FD2017820F3031400235D06 /* Products */ = {
			isa = PBXGroup;
			children = (
				6FD2017720F3031400235D06 /* Smack.app */,
			);
			name = Products;
			sourceTree = "<group>";
		};
		6FD2017920F3031400235D06 /* Smack */ = {
			isa = PBXGroup;
			children = (
				6FD2021F20FECD4200235D06 /* Services */,
				6FD2019B20F50F6C00235D06 /* Utilities */,
				6FD2019420F43B3B00235D06 /* Model */,
				6FD2019320F43B3400235D06 /* View */,
				6FD2019220F43B2500235D06 /* Controller */,
				6FD2018D20F3F0F600235D06 /* Supporting Files */,
				6FD2017E20F3031400235D06 /* Main.storyboard */,
				6FD2018320F3031500235D06 /* LaunchScreen.storyboard */,
				6FD2017A20F3031400235D06 /* AppDelegate.swift */,
				6FD2018120F3031500235D06 /* Assets.xcassets */,
				6FD2018620F3031500235D06 /* Info.plist */,
				6FD201DC20F8495E00235D06 /* GoogleService-Info.plist */,
			);
			path = Smack;
			sourceTree = "<group>";
		};
		6FD2018D20F3F0F600235D06 /* Supporting Files */ = {
			isa = PBXGroup;
			children = (
				6FD2018F20F3F11E00235D06 /* SWRevealViewController.h */,
				6FD2019020F3F11E00235D06 /* SWRevealViewController.m */,
				6FD2018E20F3F11C00235D06 /* Smack-Bridging-Header.h */,
			);
			path = "Supporting Files";
			sourceTree = "<group>";
		};
		6FD2019220F43B2500235D06 /* Controller */ = {
			isa = PBXGroup;
			children = (
				6FD2019520F43B6200235D06 /* ChatVC.swift */,
				6FD2019720F43B7500235D06 /* ChannelVC.swift */,
				6FD2019E20F581BB00235D06 /* LoginVC.swift */,
				6FD201A020F5842700235D06 /* CreateAccountVC.swift */,
				6F3D48212108172B00FDE378 /* AvatarPickerVC.swift */,
			);
			path = Controller;
			sourceTree = "<group>";
		};
		6FD2019320F43B3400235D06 /* View */ = {
			isa = PBXGroup;
			children = (
				6FD2019920F44A9E00235D06 /* GradientView.swift */,
				6F3D481D2106B6D700FDE378 /* RoundedButton.swift */,
				6F17B5A7210AB474007F7DF0 /* AvatarCell.swift */,
			);
			path = View;
			sourceTree = "<group>";
		};
		6FD2019420F43B3B00235D06 /* Model */ = {
			isa = PBXGroup;
			children = (
			);
			path = Model;
			sourceTree = "<group>";
		};
		6FD2019B20F50F6C00235D06 /* Utilities */ = {
			isa = PBXGroup;
			children = (
				6FD2019C20F50F8000235D06 /* Constants.swift */,
			);
			path = Utilities;
			sourceTree = "<group>";
		};
		6FD2021F20FECD4200235D06 /* Services */ = {
			isa = PBXGroup;
			children = (
				6FD2022020FECD5500235D06 /* AuthService.swift */,
				6F3D481F2107F3D900FDE378 /* UserDataService.swift */,
			);
			path = Services;
			sourceTree = "<group>";
		};
		FA91C4CD86CC21964E10DF8A /* Pods */ = {
			isa = PBXGroup;
			children = (
				25C54C66538B03CCBA6FFD4A /* Pods-Smack.debug.xcconfig */,
				F4DF782D9F2470ED120F3424 /* Pods-Smack.release.xcconfig */,
			);
			name = Pods;
			sourceTree = "<group>";
		};
/* End PBXGroup section */

/* Begin PBXNativeTarget section */
		6FD2017620F3031400235D06 /* Smack */ = {
			isa = PBXNativeTarget;
			buildConfigurationList = 6FD2018920F3031500235D06 /* Build configuration list for PBXNativeTarget "Smack" */;
			buildPhases = (
				581F59859C31659BB88765D3 /* [CP] Check Pods Manifest.lock */,
				6FD2017320F3031400235D06 /* Sources */,
				6FD2017420F3031400235D06 /* Frameworks */,
				6FD2017520F3031400235D06 /* Resources */,
				101776198CD2371E4C29D7B1 /* [CP] Embed Pods Frameworks */,
			);
			buildRules = (
			);
			dependencies = (
			);
			name = Smack;
			productName = Smack;
			productReference = 6FD2017720F3031400235D06 /* Smack.app */;
			productType = "com.apple.product-type.application";
		};
/* End PBXNativeTarget section */

/* Begin PBXProject section */
		6FD2016F20F3031400235D06 /* Project object */ = {
			isa = PBXProject;
			attributes = {
				LastSwiftUpdateCheck = 1000;
				LastUpgradeCheck = 1000;
				ORGANIZATIONNAME = "Connie Liu";
				TargetAttributes = {
					6FD2017620F3031400235D06 = {
						CreatedOnToolsVersion = 10.0;
						LastSwiftMigration = 1000;
					};
				};
			};
			buildConfigurationList = 6FD2017220F3031400235D06 /* Build configuration list for PBXProject "Smack" */;
			compatibilityVersion = "Xcode 9.3";
			developmentRegion = en;
			hasScannedForEncodings = 0;
			knownRegions = (
				en,
				Base,
			);
			mainGroup = 6FD2016E20F3031400235D06;
			productRefGroup = 6FD2017820F3031400235D06 /* Products */;
			projectDirPath = "";
			projectRoot = "";
			targets = (
				6FD2017620F3031400235D06 /* Smack */,
			);
		};
/* End PBXProject section */

/* Begin PBXResourcesBuildPhase section */
		6FD2017520F3031400235D06 /* Resources */ = {
			isa = PBXResourcesBuildPhase;
			buildActionMask = 2147483647;
			files = (
				6FD2018520F3031500235D06 /* LaunchScreen.storyboard in Resources */,
				6FD201DD20F8495E00235D06 /* GoogleService-Info.plist in Resources */,
				6FD2018220F3031500235D06 /* Assets.xcassets in Resources */,
				6FD2018020F3031400235D06 /* Main.storyboard in Resources */,
			);
			runOnlyForDeploymentPostprocessing = 0;
		};
/* End PBXResourcesBuildPhase section */

/* Begin PBXShellScriptBuildPhase section */
		101776198CD2371E4C29D7B1 /* [CP] Embed Pods Frameworks */ = {
			isa = PBXShellScriptBuildPhase;
			buildActionMask = 2147483647;
			files = (
			);
			inputPaths = (
				"${SRCROOT}/Pods/Target Support Files/Pods-Smack/Pods-Smack-frameworks.sh",
				"${BUILT_PRODUCTS_DIR}/Alamofire/Alamofire.framework",
				"${BUILT_PRODUCTS_DIR}/GTMSessionFetcher/GTMSessionFetcher.framework",
				"${BUILT_PRODUCTS_DIR}/GoogleToolboxForMac/GoogleToolboxForMac.framework",
				"${BUILT_PRODUCTS_DIR}/Socket.IO-Client-Swift/SocketIO.framework",
				"${BUILT_PRODUCTS_DIR}/Starscream/Starscream.framework",
				"${BUILT_PRODUCTS_DIR}/SwiftyJSON/SwiftyJSON.framework",
				"${BUILT_PRODUCTS_DIR}/leveldb-library/leveldb.framework",
				"${BUILT_PRODUCTS_DIR}/nanopb/nanopb.framework",
			);
			name = "[CP] Embed Pods Frameworks";
			outputPaths = (
				"${TARGET_BUILD_DIR}/${FRAMEWORKS_FOLDER_PATH}/Alamofire.framework",
				"${TARGET_BUILD_DIR}/${FRAMEWORKS_FOLDER_PATH}/GTMSessionFetcher.framework",
				"${TARGET_BUILD_DIR}/${FRAMEWORKS_FOLDER_PATH}/GoogleToolboxForMac.framework",
				"${TARGET_BUILD_DIR}/${FRAMEWORKS_FOLDER_PATH}/SocketIO.framework",
				"${TARGET_BUILD_DIR}/${FRAMEWORKS_FOLDER_PATH}/Starscream.framework",
				"${TARGET_BUILD_DIR}/${FRAMEWORKS_FOLDER_PATH}/SwiftyJSON.framework",
				"${TARGET_BUILD_DIR}/${FRAMEWORKS_FOLDER_PATH}/leveldb.framework",
				"${TARGET_BUILD_DIR}/${FRAMEWORKS_FOLDER_PATH}/nanopb.framework",
			);
			runOnlyForDeploymentPostprocessing = 0;
			shellPath = /bin/sh;
			shellScript = "\"${SRCROOT}/Pods/Target Support Files/Pods-Smack/Pods-Smack-frameworks.sh\"\n";
			showEnvVarsInLog = 0;
		};
		581F59859C31659BB88765D3 /* [CP] Check Pods Manifest.lock */ = {
			isa = PBXShellScriptBuildPhase;
			buildActionMask = 2147483647;
			files = (
			);
			inputPaths = (
				"${PODS_PODFILE_DIR_PATH}/Podfile.lock",
				"${PODS_ROOT}/Manifest.lock",
			);
			name = "[CP] Check Pods Manifest.lock";
			outputPaths = (
				"$(DERIVED_FILE_DIR)/Pods-Smack-checkManifestLockResult.txt",
			);
			runOnlyForDeploymentPostprocessing = 0;
			shellPath = /bin/sh;
			shellScript = "diff \"${PODS_PODFILE_DIR_PATH}/Podfile.lock\" \"${PODS_ROOT}/Manifest.lock\" > /dev/null\nif [ $? != 0 ] ; then\n    # print error to STDERR\n    echo \"error: The sandbox is not in sync with the Podfile.lock. Run 'pod install' or update your CocoaPods installation.\" >&2\n    exit 1\nfi\n# This output is used by Xcode 'outputs' to avoid re-running this script phase.\necho \"SUCCESS\" > \"${SCRIPT_OUTPUT_FILE_0}\"\n";
			showEnvVarsInLog = 0;
		};
/* End PBXShellScriptBuildPhase section */

/* Begin PBXSourcesBuildPhase section */
		6FD2017320F3031400235D06 /* Sources */ = {
			isa = PBXSourcesBuildPhase;
			buildActionMask = 2147483647;
			files = (
				6FD2019820F43B7500235D06 /* ChannelVC.swift in Sources */,
				6F3D48222108172B00FDE378 /* AvatarPickerVC.swift in Sources */,
				6F3D481E2106B6D700FDE378 /* RoundedButton.swift in Sources */,
				6FD2019620F43B6200235D06 /* ChatVC.swift in Sources */,
				6F3D48202107F3D900FDE378 /* UserDataService.swift in Sources */,
				6FD201A120F5842700235D06 /* CreateAccountVC.swift in Sources */,
				6FD2022120FECD5500235D06 /* AuthService.swift in Sources */,
				6FD2019F20F581BB00235D06 /* LoginVC.swift in Sources */,
				6F17B5A8210AB474007F7DF0 /* AvatarCell.swift in Sources */,
				6FD2019A20F44A9E00235D06 /* GradientView.swift in Sources */,
				6FD2017B20F3031400235D06 /* AppDelegate.swift in Sources */,
				6FD2019120F3F11E00235D06 /* SWRevealViewController.m in Sources */,
				6FD2019D20F50F8000235D06 /* Constants.swift in Sources */,
			);
			runOnlyForDeploymentPostprocessing = 0;
		};
/* End PBXSourcesBuildPhase section */

/* Begin PBXVariantGroup section */
		6FD2017E20F3031400235D06 /* Main.storyboard */ = {
			isa = PBXVariantGroup;
			children = (
				6FD2017F20F3031400235D06 /* Base */,
			);
			name = Main.storyboard;
			sourceTree = "<group>";
		};
		6FD2018320F3031500235D06 /* LaunchScreen.storyboard */ = {
			isa = PBXVariantGroup;
			children = (
				6FD2018420F3031500235D06 /* Base */,
			);
			name = LaunchScreen.storyboard;
			sourceTree = "<group>";
		};
/* End PBXVariantGroup section */

/* Begin XCBuildConfiguration section */
		6FD2018720F3031500235D06 /* Debug */ = {
			isa = XCBuildConfiguration;
			buildSettings = {
				ALWAYS_SEARCH_USER_PATHS = NO;
				CLANG_ANALYZER_NONNULL = YES;
				CLANG_ANALYZER_NUMBER_OBJECT_CONVERSION = YES_AGGRESSIVE;
				CLANG_CXX_LANGUAGE_STANDARD = "gnu++14";
				CLANG_CXX_LIBRARY = "libc++";
				CLANG_ENABLE_MODULES = YES;
				CLANG_ENABLE_OBJC_ARC = YES;
				CLANG_ENABLE_OBJC_WEAK = YES;
				CLANG_WARN_BLOCK_CAPTURE_AUTORELEASING = YES;
				CLANG_WARN_BOOL_CONVERSION = YES;
				CLANG_WARN_COMMA = YES;
				CLANG_WARN_CONSTANT_CONVERSION = YES;
				CLANG_WARN_DEPRECATED_OBJC_IMPLEMENTATIONS = YES;
				CLANG_WARN_DIRECT_OBJC_ISA_USAGE = YES_ERROR;
				CLANG_WARN_DOCUMENTATION_COMMENTS = YES;
				CLANG_WARN_EMPTY_BODY = YES;
				CLANG_WARN_ENUM_CONVERSION = YES;
				CLANG_WARN_INFINITE_RECURSION = YES;
				CLANG_WARN_INT_CONVERSION = YES;
				CLANG_WARN_NON_LITERAL_NULL_CONVERSION = YES;
				CLANG_WARN_OBJC_IMPLICIT_RETAIN_SELF = YES;
				CLANG_WARN_OBJC_LITERAL_CONVERSION = YES;
				CLANG_WARN_OBJC_ROOT_CLASS = YES_ERROR;
				CLANG_WARN_RANGE_LOOP_ANALYSIS = YES;
				CLANG_WARN_STRICT_PROTOTYPES = YES;
				CLANG_WARN_SUSPICIOUS_MOVE = YES;
				CLANG_WARN_UNGUARDED_AVAILABILITY = YES_AGGRESSIVE;
				CLANG_WARN_UNREACHABLE_CODE = YES;
				CLANG_WARN__DUPLICATE_METHOD_MATCH = YES;
				CODE_SIGN_IDENTITY = "iPhone Developer";
				COPY_PHASE_STRIP = NO;
				DEBUG_INFORMATION_FORMAT = dwarf;
				ENABLE_STRICT_OBJC_MSGSEND = YES;
				ENABLE_TESTABILITY = YES;
				GCC_C_LANGUAGE_STANDARD = gnu11;
				GCC_DYNAMIC_NO_PIC = NO;
				GCC_NO_COMMON_BLOCKS = YES;
				GCC_OPTIMIZATION_LEVEL = 0;
				GCC_PREPROCESSOR_DEFINITIONS = (
					"DEBUG=1",
					"$(inherited)",
				);
				GCC_WARN_64_TO_32_BIT_CONVERSION = YES;
				GCC_WARN_ABOUT_RETURN_TYPE = YES_ERROR;
				GCC_WARN_UNDECLARED_SELECTOR = YES;
				GCC_WARN_UNINITIALIZED_AUTOS = YES_AGGRESSIVE;
				GCC_WARN_UNUSED_FUNCTION = YES;
				GCC_WARN_UNUSED_VARIABLE = YES;
				IPHONEOS_DEPLOYMENT_TARGET = 12.0;
				MTL_ENABLE_DEBUG_INFO = INCLUDE_SOURCE;
				ONLY_ACTIVE_ARCH = YES;
				SDKROOT = iphoneos;
				SWIFT_ACTIVE_COMPILATION_CONDITIONS = DEBUG;
				SWIFT_OPTIMIZATION_LEVEL = "-Onone";
			};
			name = Debug;
		};
		6FD2018820F3031500235D06 /* Release */ = {
			isa = XCBuildConfiguration;
			buildSettings = {
				ALWAYS_SEARCH_USER_PATHS = NO;
				CLANG_ANALYZER_NONNULL = YES;
				CLANG_ANALYZER_NUMBER_OBJECT_CONVERSION = YES_AGGRESSIVE;
				CLANG_CXX_LANGUAGE_STANDARD = "gnu++14";
				CLANG_CXX_LIBRARY = "libc++";
				CLANG_ENABLE_MODULES = YES;
				CLANG_ENABLE_OBJC_ARC = YES;
				CLANG_ENABLE_OBJC_WEAK = YES;
				CLANG_WARN_BLOCK_CAPTURE_AUTORELEASING = YES;
				CLANG_WARN_BOOL_CONVERSION = YES;
				CLANG_WARN_COMMA = YES;
				CLANG_WARN_CONSTANT_CONVERSION = YES;
				CLANG_WARN_DEPRECATED_OBJC_IMPLEMENTATIONS = YES;
				CLANG_WARN_DIRECT_OBJC_ISA_USAGE = YES_ERROR;
				CLANG_WARN_DOCUMENTATION_COMMENTS = YES;
				CLANG_WARN_EMPTY_BODY = YES;
				CLANG_WARN_ENUM_CONVERSION = YES;
				CLANG_WARN_INFINITE_RECURSION = YES;
				CLANG_WARN_INT_CONVERSION = YES;
				CLANG_WARN_NON_LITERAL_NULL_CONVERSION = YES;
				CLANG_WARN_OBJC_IMPLICIT_RETAIN_SELF = YES;
				CLANG_WARN_OBJC_LITERAL_CONVERSION = YES;
				CLANG_WARN_OBJC_ROOT_CLASS = YES_ERROR;
				CLANG_WARN_RANGE_LOOP_ANALYSIS = YES;
				CLANG_WARN_STRICT_PROTOTYPES = YES;
				CLANG_WARN_SUSPICIOUS_MOVE = YES;
				CLANG_WARN_UNGUARDED_AVAILABILITY = YES_AGGRESSIVE;
				CLANG_WARN_UNREACHABLE_CODE = YES;
				CLANG_WARN__DUPLICATE_METHOD_MATCH = YES;
				CODE_SIGN_IDENTITY = "iPhone Developer";
				COPY_PHASE_STRIP = NO;
				DEBUG_INFORMATION_FORMAT = "dwarf-with-dsym";
				ENABLE_NS_ASSERTIONS = NO;
				ENABLE_STRICT_OBJC_MSGSEND = YES;
				GCC_C_LANGUAGE_STANDARD = gnu11;
				GCC_NO_COMMON_BLOCKS = YES;
				GCC_WARN_64_TO_32_BIT_CONVERSION = YES;
				GCC_WARN_ABOUT_RETURN_TYPE = YES_ERROR;
				GCC_WARN_UNDECLARED_SELECTOR = YES;
				GCC_WARN_UNINITIALIZED_AUTOS = YES_AGGRESSIVE;
				GCC_WARN_UNUSED_FUNCTION = YES;
				GCC_WARN_UNUSED_VARIABLE = YES;
				IPHONEOS_DEPLOYMENT_TARGET = 12.0;
				MTL_ENABLE_DEBUG_INFO = NO;
				SDKROOT = iphoneos;
				SWIFT_COMPILATION_MODE = wholemodule;
				SWIFT_OPTIMIZATION_LEVEL = "-O";
				VALIDATE_PRODUCT = YES;
			};
			name = Release;
		};
		6FD2018A20F3031500235D06 /* Debug */ = {
			isa = XCBuildConfiguration;
			baseConfigurationReference = 25C54C66538B03CCBA6FFD4A /* Pods-Smack.debug.xcconfig */;
			buildSettings = {
				ASSETCATALOG_COMPILER_APPICON_NAME = AppIcon;
				CLANG_ENABLE_MODULES = YES;
				CODE_SIGN_STYLE = Automatic;
				INFOPLIST_FILE = Smack/Info.plist;
				LD_RUNPATH_SEARCH_PATHS = (
					"$(inherited)",
					"@executable_path/Frameworks",
				);
				PRODUCT_BUNDLE_IDENTIFIER = com.concon.Smack;
				PRODUCT_NAME = "$(TARGET_NAME)";
				SWIFT_OBJC_BRIDGING_HEADER = "Smack/Supporting Files/Smack-Bridging-Header.h";
				SWIFT_OPTIMIZATION_LEVEL = "-Onone";
				SWIFT_VERSION = 4.2;
				TARGETED_DEVICE_FAMILY = "1,2";
			};
			name = Debug;
		};
		6FD2018B20F3031500235D06 /* Release */ = {
			isa = XCBuildConfiguration;
			baseConfigurationReference = F4DF782D9F2470ED120F3424 /* Pods-Smack.release.xcconfig */;
			buildSettings = {
				ASSETCATALOG_COMPILER_APPICON_NAME = AppIcon;
				CLANG_ENABLE_MODULES = YES;
				CODE_SIGN_STYLE = Automatic;
				INFOPLIST_FILE = Smack/Info.plist;
				LD_RUNPATH_SEARCH_PATHS = (
					"$(inherited)",
					"@executable_path/Frameworks",
				);
				PRODUCT_BUNDLE_IDENTIFIER = com.concon.Smack;
				PRODUCT_NAME = "$(TARGET_NAME)";
				SWIFT_OBJC_BRIDGING_HEADER = "Smack/Supporting Files/Smack-Bridging-Header.h";
				SWIFT_VERSION = 4.2;
				TARGETED_DEVICE_FAMILY = "1,2";
			};
			name = Release;
		};
/* End XCBuildConfiguration section */

/* Begin XCConfigurationList section */
		6FD2017220F3031400235D06 /* Build configuration list for PBXProject "Smack" */ = {
			isa = XCConfigurationList;
			buildConfigurations = (
				6FD2018720F3031500235D06 /* Debug */,
				6FD2018820F3031500235D06 /* Release */,
			);
			defaultConfigurationIsVisible = 0;
			defaultConfigurationName = Release;
		};
		6FD2018920F3031500235D06 /* Build configuration list for PBXNativeTarget "Smack" */ = {
			isa = XCConfigurationList;
			buildConfigurations = (
				6FD2018A20F3031500235D06 /* Debug */,
				6FD2018B20F3031500235D06 /* Release */,
			);
			defaultConfigurationIsVisible = 0;
			defaultConfigurationName = Release;
		};
/* End XCConfigurationList section */
	};
	rootObject = 6FD2016F20F3031400235D06 /* Project object */;
}
